
Microsoft Visual Studio Solution File, Format Version 12.00
# Visual Studio Version 17
VisualStudioVersion = 17.5.002.0
MinimumVisualStudioVersion = 10.0.40219.1
Project("{9A19103F-16F7-4668-BE54-9A1E7A4F7556}") = "Ascensor eje", "Ascensor eje.csproj", "{E9F88BA1-FD5A-4DB5-932D-34D343C9CE4C}"
EndProject
Global
	GlobalSection(SolutionConfigurationPlatforms) = preSolution
		Debug|Any CPU = Debug|Any CPU
		Release|Any CPU = Release|Any CPU
	EndGlobalSection
	GlobalSection(ProjectConfigurationPlatforms) = postSolution
		{E9F88BA1-FD5A-4DB5-932D-34D343C9CE4C}.Debug|Any CPU.ActiveCfg = Debug|Any CPU
		{E9F88BA1-FD5A-4DB5-932D-34D343C9CE4C}.Debug|Any CPU.Build.0 = Debug|Any CPU
		{E9F88BA1-FD5A-4DB5-932D-34D343C9CE4C}.Release|Any CPU.ActiveCfg = Release|Any CPU
		{E9F88BA1-FD5A-4DB5-932D-34D343C9CE4C}.Release|Any CPU.Build.0 = Release|Any CPU
	EndGlobalSection
	GlobalSection(SolutionProperties) = preSolution
		HideSolutionNode = FALSE
	EndGlobalSection
	GlobalSection(ExtensibilityGlobals) = postSolution
		SolutionGuid = {E112B991-7A5A-45C2-9F2E-A0870D414C5F}
	EndGlobalSection
EndGlobal
